
Microsoft Visual Studio Solution File, Format Version 12.00
# Visual Studio Version 16
VisualStudioVersion = 16.0.31911.196
MinimumVisualStudioVersion = 10.0.40219.1
Project("{FAE04EC0-301F-11D3-BF4B-00C04F79EFBC}") = "textwriter", "textwriter\textwriter.csproj", "{EBB2F36A-2E27-406C-9EBC-8D0039B60624}"
EndProject
Global
	GlobalSection(SolutionConfigurationPlatforms) = preSolution
		Debug|Any CPU = Debug|Any CPU
		Release|Any CPU = Release|Any CPU
	EndGlobalSection
	GlobalSection(ProjectConfigurationPlatforms) = postSolution
		{EBB2F36A-2E27-406C-9EBC-8D0039B60624}.Debug|Any CPU.ActiveCfg = Debug|Any CPU
		{EBB2F36A-2E27-406C-9EBC-8D0039B60624}.Debug|Any CPU.Build.0 = Debug|Any CPU
		{EBB2F36A-2E27-406C-9EBC-8D0039B60624}.Release|Any CPU.ActiveCfg = Release|Any CPU
		{EBB2F36A-2E27-406C-9EBC-8D0039B60624}.Release|Any CPU.Build.0 = Release|Any CPU
	EndGlobalSection
	GlobalSection(SolutionProperties) = preSolution
		HideSolutionNode = FALSE
	EndGlobalSection
	GlobalSection(ExtensibilityGlobals) = postSolution
		SolutionGuid = {06465C48-FFB5-43D7-988B-62F6C9D0E4AD}
	EndGlobalSection
EndGlobal
